PODS:
  - flutter_media_metadata (0.0.1):
    - FlutterMacOS
  - FlutterMacOS (1.0.0)

DEPENDENCIES:
  - flutter_media_metadata (from `Flutter/ephemeral/.symlinks/plugins/flutter_media_metadata/macos`)
  - FlutterMacOS (from `Flutter/ephemeral`)

EXTERNAL SOURCES:
  flutter_media_metadata:
    :path: Flutter/ephemeral/.symlinks/plugins/flutter_media_metadata/macos
  FlutterMacOS:
    :path: Flutter/ephemeral

SPEC CHECKSUMS:
  flutter_media_metadata: 8c97dc88aa4ecb56b71d90ffaffceedc82faf151
  FlutterMacOS: 57701585bf7de1b3fc2bb61f6378d73bbdea8424

PODFILE CHECKSUM: 6eac6b3292e5142cfc23bdeb71848a40ec51c14c

COCOAPODS: 1.11.2
