PODS:
  - Flutter (1.0.0)
  - flutter_media_metadata (0.0.1):
    - Flutter

DEPENDENCIES:
  - Flutter (from `Flutter`)
  - flutter_media_metadata (from `.symlinks/plugins/flutter_media_metadata/ios`)

EXTERNAL SOURCES:
  Flutter:
    :path: Flutter
  flutter_media_metadata:
    :path: ".symlinks/plugins/flutter_media_metadata/ios"

SPEC CHECKSUMS:
  Flutter: 434fef37c0980e73bb6479ef766c45957d4b510c
  flutter_media_metadata: 9db7298c789a54da26e0d2f6f808fa39bfd9bcd7

PODFILE CHECKSUM: aafe91acc616949ddb318b77800a7f51bffa2a4c

COCOAPODS: 1.11.2
